
Microsoft Visual Studio Solution File, Format Version 12.00
# Visual Studio Version 17
VisualStudioVersion = 17.5.33516.290
MinimumVisualStudioVersion = 10.0.40219.1
Project("{8BC9CEB8-8B4A-11D0-8D11-00A0C91BC942}") = "test_10_26", "test_10_26\test_10_26.vcxproj", "{5A0B46A5-3541-4FFF-B691-27FB409A8B73}"
EndProject
Global
	GlobalSection(SolutionConfigurationPlatforms) = preSolution
		Debug|x64 = Debug|x64
		Debug|x86 = Debug|x86
		Release|x64 = Release|x64
		Release|x86 = Release|x86
	EndGlobalSection
	GlobalSection(ProjectConfigurationPlatforms) = postSolution
		{5A0B46A5-3541-4FFF-B691-27FB409A8B73}.Debug|x64.ActiveCfg = Debug|Win32
		{5A0B46A5-3541-4FFF-B691-27FB409A8B73}.Debug|x64.Build.0 = Debug|Win32
		{5A0B46A5-3541-4FFF-B691-27FB409A8B73}.Debug|x86.ActiveCfg = Debug|Win32
		{5A0B46A5-3541-4FFF-B691-27FB409A8B73}.Debug|x86.Build.0 = Debug|Win32
		{5A0B46A5-3541-4FFF-B691-27FB409A8B73}.Release|x64.ActiveCfg = Release|x64
		{5A0B46A5-3541-4FFF-B691-27FB409A8B73}.Release|x64.Build.0 = Release|x64
		{5A0B46A5-3541-4FFF-B691-27FB409A8B73}.Release|x86.ActiveCfg = Release|Win32
		{5A0B46A5-3541-4FFF-B691-27FB409A8B73}.Release|x86.Build.0 = Release|Win32
	EndGlobalSection
	GlobalSection(SolutionProperties) = preSolution
		HideSolutionNode = FALSE
	EndGlobalSection
	GlobalSection(ExtensibilityGlobals) = postSolution
		SolutionGuid = {0693FF8C-0272-483A-B93E-36B0B5A18A5E}
	EndGlobalSection
EndGlobal
